
Microsoft Visual Studio Solution File, Format Version 12.00
# Visual Studio Version 16
VisualStudioVersion = 16.0.29509.3
MinimumVisualStudioVersion = 10.0.40219.1
Project("{FAE04EC0-301F-11D3-BF4B-00C04F79EFBC}") = "Titanic", "Titanic\Titanic.csproj", "{9634A103-EFC1-468D-BF39-9C2E52EAAD73}"
EndProject
Global
	GlobalSection(SolutionConfigurationPlatforms) = preSolution
		Debug|Any CPU = Debug|Any CPU
		Release|Any CPU = Release|Any CPU
	EndGlobalSection
	GlobalSection(ProjectConfigurationPlatforms) = postSolution
		{9634A103-EFC1-468D-BF39-9C2E52EAAD73}.Debug|Any CPU.ActiveCfg = Debug|Any CPU
		{9634A103-EFC1-468D-BF39-9C2E52EAAD73}.Debug|Any CPU.Build.0 = Debug|Any CPU
		{9634A103-EFC1-468D-BF39-9C2E52EAAD73}.Release|Any CPU.ActiveCfg = Release|Any CPU
		{9634A103-EFC1-468D-BF39-9C2E52EAAD73}.Release|Any CPU.Build.0 = Release|Any CPU
	EndGlobalSection
	GlobalSection(SolutionProperties) = preSolution
		HideSolutionNode = FALSE
	EndGlobalSection
	GlobalSection(ExtensibilityGlobals) = postSolution
		SolutionGuid = {DCC9CB5D-921F-4F9A-B7C6-3BF545011604}
	EndGlobalSection
EndGlobal
